
Microsoft Visual Studio Solution File, Format Version 12.00
# Visual Studio Version 17
VisualStudioVersion = 17.9.34728.123
MinimumVisualStudioVersion = 10.0.40219.1
Project("{FAE04EC0-301F-11D3-BF4B-00C04F79EFBC}") = "adminWPF", "adminWPF.csproj", "{8F398DD6-0763-4A48-83B2-76AEB49DAFA4}"
EndProject
Global
	GlobalSection(SolutionConfigurationPlatforms) = preSolution
		Debug|Any CPU = Debug|Any CPU
		Release|Any CPU = Release|Any CPU
	EndGlobalSection
	GlobalSection(ProjectConfigurationPlatforms) = postSolution
		{8F398DD6-0763-4A48-83B2-76AEB49DAFA4}.Debug|Any CPU.ActiveCfg = Debug|Any CPU
		{8F398DD6-0763-4A48-83B2-76AEB49DAFA4}.Debug|Any CPU.Build.0 = Debug|Any CPU
		{8F398DD6-0763-4A48-83B2-76AEB49DAFA4}.Release|Any CPU.ActiveCfg = Release|Any CPU
		{8F398DD6-0763-4A48-83B2-76AEB49DAFA4}.Release|Any CPU.Build.0 = Release|Any CPU
	EndGlobalSection
	GlobalSection(SolutionProperties) = preSolution
		HideSolutionNode = FALSE
	EndGlobalSection
	GlobalSection(ExtensibilityGlobals) = postSolution
		SolutionGuid = {3D46D909-55D9-4429-9CA1-3BBBC70D9294}
	EndGlobalSection
EndGlobal
